
Microsoft Visual Studio Solution File, Format Version 12.00
# Visual Studio Version 17
VisualStudioVersion = 17.5.33530.505
MinimumVisualStudioVersion = 10.0.40219.1
Project("{FAE04EC0-301F-11D3-BF4B-00C04F79EFBC}") = "practical task 16", "practical task 16\practical task 16.csproj", "{4DDB3F0D-FCD0-4A17-88E3-22193D8C01AB}"
EndProject
Global
	GlobalSection(SolutionConfigurationPlatforms) = preSolution
		Debug|Any CPU = Debug|Any CPU
		Release|Any CPU = Release|Any CPU
	EndGlobalSection
	GlobalSection(ProjectConfigurationPlatforms) = postSolution
		{4DDB3F0D-FCD0-4A17-88E3-22193D8C01AB}.Debug|Any CPU.ActiveCfg = Debug|Any CPU
		{4DDB3F0D-FCD0-4A17-88E3-22193D8C01AB}.Debug|Any CPU.Build.0 = Debug|Any CPU
		{4DDB3F0D-FCD0-4A17-88E3-22193D8C01AB}.Release|Any CPU.ActiveCfg = Release|Any CPU
		{4DDB3F0D-FCD0-4A17-88E3-22193D8C01AB}.Release|Any CPU.Build.0 = Release|Any CPU
	EndGlobalSection
	GlobalSection(SolutionProperties) = preSolution
		HideSolutionNode = FALSE
	EndGlobalSection
	GlobalSection(ExtensibilityGlobals) = postSolution
		SolutionGuid = {A075845C-C3E4-4230-8C71-E4A29495CFA4}
	EndGlobalSection
EndGlobal
